
Microsoft Visual Studio Solution File, Format Version 12.00
# Visual Studio Version 17
VisualStudioVersion = 17.13.35931.197 d17.13
MinimumVisualStudioVersion = 10.0.40219.1
Project("{FAE04EC0-301F-11D3-BF4B-00C04F79EFBC}") = "G-NET-9-OOP01", "G-NET-9-OOP01\G-NET-9-OOP01.csproj", "{C48A1EED-ABB7-4EEE-B2D9-D2CFA4DAA361}"
EndProject
Global
	GlobalSection(SolutionConfigurationPlatforms) = preSolution
		Debug|Any CPU = Debug|Any CPU
		Release|Any CPU = Release|Any CPU
	EndGlobalSection
	GlobalSection(ProjectConfigurationPlatforms) = postSolution
		{C48A1EED-ABB7-4EEE-B2D9-D2CFA4DAA361}.Debug|Any CPU.ActiveCfg = Debug|Any CPU
		{C48A1EED-ABB7-4EEE-B2D9-D2CFA4DAA361}.Debug|Any CPU.Build.0 = Debug|Any CPU
		{C48A1EED-ABB7-4EEE-B2D9-D2CFA4DAA361}.Release|Any CPU.ActiveCfg = Release|Any CPU
		{C48A1EED-ABB7-4EEE-B2D9-D2CFA4DAA361}.Release|Any CPU.Build.0 = Release|Any CPU
	EndGlobalSection
	GlobalSection(SolutionProperties) = preSolution
		HideSolutionNode = FALSE
	EndGlobalSection
	GlobalSection(ExtensibilityGlobals) = postSolution
		SolutionGuid = {1D437F1C-DE4A-46F7-A28A-F41D10C868BF}
	EndGlobalSection
EndGlobal
